
Microsoft Visual Studio Solution File, Format Version 12.00
# Visual Studio 15
VisualStudioVersion = 15.0.28010.2050
MinimumVisualStudioVersion = 10.0.40219.1
Project("{FAE04EC0-301F-11D3-BF4B-00C04F79EFBC}") = "PIS-Lab1", "PIS-Lab1\PIS-Lab1.csproj", "{24D7B0BB-38E6-4AE3-A55B-0A215D697538}"
EndProject
Global
	GlobalSection(SolutionConfigurationPlatforms) = preSolution
		Debug|Any CPU = Debug|Any CPU
		Release|Any CPU = Release|Any CPU
	EndGlobalSection
	GlobalSection(ProjectConfigurationPlatforms) = postSolution
		{24D7B0BB-38E6-4AE3-A55B-0A215D697538}.Debug|Any CPU.ActiveCfg = Debug|Any CPU
		{24D7B0BB-38E6-4AE3-A55B-0A215D697538}.Debug|Any CPU.Build.0 = Debug|Any CPU
		{24D7B0BB-38E6-4AE3-A55B-0A215D697538}.Release|Any CPU.ActiveCfg = Release|Any CPU
		{24D7B0BB-38E6-4AE3-A55B-0A215D697538}.Release|Any CPU.Build.0 = Release|Any CPU
	EndGlobalSection
	GlobalSection(SolutionProperties) = preSolution
		HideSolutionNode = FALSE
	EndGlobalSection
	GlobalSection(ExtensibilityGlobals) = postSolution
		SolutionGuid = {54CDCFAC-4BE6-48DB-9CBF-5EDCC378A4FB}
	EndGlobalSection
EndGlobal
